
Microsoft Visual Studio Solution File, Format Version 12.00
# Visual Studio 15
VisualStudioVersion = 15.0.27130.2027
MinimumVisualStudioVersion = 10.0.40219.1
Project("{FAE04EC0-301F-11D3-BF4B-00C04F79EFBC}") = "HelloWorldMenuJohnathanM", "HelloWorldMenuJohnathanM\HelloWorldMenuJohnathanM.csproj", "{43340705-FB6B-400D-BAC3-870417BDCF82}"
EndProject
Global
	GlobalSection(SolutionConfigurationPlatforms) = preSolution
		Debug|Any CPU = Debug|Any CPU
		Release|Any CPU = Release|Any CPU
	EndGlobalSection
	GlobalSection(ProjectConfigurationPlatforms) = postSolution
		{43340705-FB6B-400D-BAC3-870417BDCF82}.Debug|Any CPU.ActiveCfg = Debug|Any CPU
		{43340705-FB6B-400D-BAC3-870417BDCF82}.Debug|Any CPU.Build.0 = Debug|Any CPU
		{43340705-FB6B-400D-BAC3-870417BDCF82}.Release|Any CPU.ActiveCfg = Release|Any CPU
		{43340705-FB6B-400D-BAC3-870417BDCF82}.Release|Any CPU.Build.0 = Release|Any CPU
	EndGlobalSection
	GlobalSection(SolutionProperties) = preSolution
		HideSolutionNode = FALSE
	EndGlobalSection
	GlobalSection(ExtensibilityGlobals) = postSolution
		SolutionGuid = {BDE7F892-EB88-4581-8212-5A20CE80F773}
	EndGlobalSection
EndGlobal
